// !$*UTF8*$!
{
	archiveVersion = 1;
	classes = {
	};
	objectVersion = 56;
	objects = {

/* Begin PBXBuildFile section */
		0A3299B8297C4EFC0020D0AF /* AppDelegate.swift in Sources */ = {isa = PBXBuildFile; fileRef = 0A3299B7297C4EFC0020D0AF /* AppDelegate.swift */; };
		0A3299BA297C4EFC0020D0AF /* SceneDelegate.swift in Sources */ = {isa = PBXBuildFile; fileRef = 0A3299B9297C4EFC0020D0AF /* SceneDelegate.swift */; };
		0A3299BC297C4EFC0020D0AF /* ViewController.swift in Sources */ = {isa = PBXBuildFile; fileRef = 0A3299BB297C4EFC0020D0AF /* ViewController.swift */; };
		0A3299BF297C4EFC0020D0AF /* Main.storyboard in Resources */ = {isa = PBXBuildFile; fileRef = 0A3299BD297C4EFC0020D0AF /* Main.storyboard */; };
		0A3299C1297C4EFD0020D0AF /* Assets.xcassets in Resources */ = {isa = PBXBuildFile; fileRef = 0A3299C0297C4EFD0020D0AF /* Assets.xcassets */; };
		0A3299C4297C4EFD0020D0AF /* LaunchScreen.storyboard in Resources */ = {isa = PBXBuildFile; fileRef = 0A3299C2297C4EFD0020D0AF /* LaunchScreen.storyboard */; };
		0AB75C6C29856A5D00FE5BB3 /* UserDataStore.swift in Sources */ = {isa = PBXBuildFile; fileRef = 0AB75C6B29856A5D00FE5BB3 /* UserDataStore.swift */; };
		0ABFB4CB297C4FB2000F7BCF /* GoogleService-Info.plist in Resources */ = {isa = PBXBuildFile; fileRef = 0ABFB4CA297C4FB2000F7BCF /* GoogleService-Info.plist */; };
		A09481445CB38B33B62E5F7C /* Pods_firebase_demo.framework in Frameworks */ = {isa = PBXBuildFile; fileRef = 7FEB6B5A3FFBAF55E226CA33 /* Pods_firebase_demo.framework */; };
/* End PBXBuildFile section */

/* Begin PBXFileReference section */
		0A3299B4297C4EFC0020D0AF /* firebase-demo.app */ = {isa = PBXFileReference; explicitFileType = wrapper.application; includeInIndex = 0; path = "firebase-demo.app"; sourceTree = BUILT_PRODUCTS_DIR; };
		0A3299B7297C4EFC0020D0AF /* AppDelegate.swift */ = {isa = PBXFileReference; lastKnownFileType = sourcecode.swift; path = AppDelegate.swift; sourceTree = "<group>"; };
		0A3299B9297C4EFC0020D0AF /* SceneDelegate.swift */ = {isa = PBXFileReference; lastKnownFileType = sourcecode.swift; path = SceneDelegate.swift; sourceTree = "<group>"; };
		0A3299BB297C4EFC0020D0AF /* ViewController.swift */ = {isa = PBXFileReference; lastKnownFileType = sourcecode.swift; path = ViewController.swift; sourceTree = "<group>"; };
		0A3299BE297C4EFC0020D0AF /* Base */ = {isa = PBXFileReference; lastKnownFileType = file.storyboard; name = Base; path = Base.lproj/Main.storyboard; sourceTree = "<group>"; };
		0A3299C0297C4EFD0020D0AF /* Assets.xcassets */ = {isa = PBXFileReference; lastKnownFileType = folder.assetcatalog; path = Assets.xcassets; sourceTree = "<group>"; };
		0A3299C3297C4EFD0020D0AF /* Base */ = {isa = PBXFileReference; lastKnownFileType = file.storyboard; name = Base; path = Base.lproj/LaunchScreen.storyboard; sourceTree = "<group>"; };
		0A3299C5297C4EFD0020D0AF /* Info.plist */ = {isa = PBXFileReference; lastKnownFileType = text.plist.xml; path = Info.plist; sourceTree = "<group>"; };
		0A3CBC3B297CF294003C529C /* firebase-demo.entitlements */ = {isa = PBXFileReference; lastKnownFileType = text.plist.entitlements; path = "firebase-demo.entitlements"; sourceTree = "<group>"; };
		0AB75C6B29856A5D00FE5BB3 /* UserDataStore.swift */ = {isa = PBXFileReference; lastKnownFileType = sourcecode.swift; path = UserDataStore.swift; sourceTree = "<group>"; };
		0ABFB4CA297C4FB2000F7BCF /* GoogleService-Info.plist */ = {isa = PBXFileReference; fileEncoding = 4; lastKnownFileType = text.plist.xml; path = "GoogleService-Info.plist"; sourceTree = "<group>"; };
		7FEB6B5A3FFBAF55E226CA33 /* Pods_firebase_demo.framework */ = {isa = PBXFileReference; explicitFileType = wrapper.framework; includeInIndex = 0; path = Pods_firebase_demo.framework; sourceTree = BUILT_PRODUCTS_DIR; };
		8A8E324C89CD61F68D70E8C2 /* Pods-firebase-demo.debug.xcconfig */ = {isa = PBXFileReference; includeInIndex = 1; lastKnownFileType = text.xcconfig; name = "Pods-firebase-demo.debug.xcconfig"; path = "Target Support Files/Pods-firebase-demo/Pods-firebase-demo.debug.xcconfig"; sourceTree = "<group>"; };
		A81D450E7C2FC733803FCF05 /* Pods-firebase-demo.release.xcconfig */ = {isa = PBXFileReference; includeInIndex = 1; lastKnownFileType = text.xcconfig; name = "Pods-firebase-demo.release.xcconfig"; path = "Target Support Files/Pods-firebase-demo/Pods-firebase-demo.release.xcconfig"; sourceTree = "<group>"; };
/* End PBXFileReference section */

/* Begin PBXFrameworksBuildPhase section */
		0A3299B1297C4EFC0020D0AF /* Frameworks */ = {
			isa = PBXFrameworksBuildPhase;
			buildActionMask = 2147483647;
			files = (
				A09481445CB38B33B62E5F7C /* Pods_firebase_demo.framework in Frameworks */,
			);
			runOnlyForDeploymentPostprocessing = 0;
		};
/* End PBXFrameworksBuildPhase section */

/* Begin PBXGroup section */
		0A3299AB297C4EFC0020D0AF = {
			isa = PBXGroup;
			children = (
				0A3299B6297C4EFC0020D0AF /* firebase-demo */,
				0A3299B5297C4EFC0020D0AF /* Products */,
				D08D6B50B4B83D4EB8A9BCEC /* Pods */,
				ADA5146306EBD72C03672651 /* Frameworks */,
			);
			sourceTree = "<group>";
		};
		0A3299B5297C4EFC0020D0AF /* Products */ = {
			isa = PBXGroup;
			children = (
				0A3299B4297C4EFC0020D0AF /* firebase-demo.app */,
			);
			name = Products;
			sourceTree = "<group>";
		};
		0A3299B6297C4EFC0020D0AF /* firebase-demo */ = {
			isa = PBXGroup;
			children = (
				0A3CBC3B297CF294003C529C /* firebase-demo.entitlements */,
				0A3299B7297C4EFC0020D0AF /* AppDelegate.swift */,
				0A3299B9297C4EFC0020D0AF /* SceneDelegate.swift */,
				0A3299BB297C4EFC0020D0AF /* ViewController.swift */,
				0A3299BD297C4EFC0020D0AF /* Main.storyboard */,
				0AB75C6B29856A5D00FE5BB3 /* UserDataStore.swift */,
				0A3299C0297C4EFD0020D0AF /* Assets.xcassets */,
				0A3299C2297C4EFD0020D0AF /* LaunchScreen.storyboard */,
				0A3299C5297C4EFD0020D0AF /* Info.plist */,
				0ABFB4CA297C4FB2000F7BCF /* GoogleService-Info.plist */,
			);
			path = "firebase-demo";
			sourceTree = "<group>";
		};
		ADA5146306EBD72C03672651 /* Frameworks */ = {
			isa = PBXGroup;
			children = (
				7FEB6B5A3FFBAF55E226CA33 /* Pods_firebase_demo.framework */,
			);
			name = Frameworks;
			sourceTree = "<group>";
		};
		D08D6B50B4B83D4EB8A9BCEC /* Pods */ = {
			isa = PBXGroup;
			children = (
				8A8E324C89CD61F68D70E8C2 /* Pods-firebase-demo.debug.xcconfig */,
				A81D450E7C2FC733803FCF05 /* Pods-firebase-demo.release.xcconfig */,
			);
			path = Pods;
			sourceTree = "<group>";
		};
/* End PBXGroup section */

/* Begin PBXNativeTarget section */
		0A3299B3297C4EFC0020D0AF /* firebase-demo */ = {
			isa = PBXNativeTarget;
			buildConfigurationList = 0A3299C8297C4EFD0020D0AF /* Build configuration list for PBXNativeTarget "firebase-demo" */;
			buildPhases = (
				F457C76BB47525774A781E15 /* [CP] Check Pods Manifest.lock */,
				0A3299B0297C4EFC0020D0AF /* Sources */,
				0A3299B1297C4EFC0020D0AF /* Frameworks */,
				0A3299B2297C4EFC0020D0AF /* Resources */,
				27CBA7B8835A0E21628EFEA9 /* [CP] Embed Pods Frameworks */,
			);
			buildRules = (
			);
			dependencies = (
			);
			name = "firebase-demo";
			productName = "firebase-demo";
			productReference = 0A3299B4297C4EFC0020D0AF /* firebase-demo.app */;
			productType = "com.apple.product-type.application";
		};
/* End PBXNativeTarget section */

/* Begin PBXProject section */
		0A3299AC297C4EFC0020D0AF /* Project object */ = {
			isa = PBXProject;
			attributes = {
				BuildIndependentTargetsInParallel = 1;
				LastSwiftUpdateCheck = 1420;
				LastUpgradeCheck = 1420;
				TargetAttributes = {
					0A3299B3297C4EFC0020D0AF = {
						CreatedOnToolsVersion = 14.2;
					};
				};
			};
			buildConfigurationList = 0A3299AF297C4EFC0020D0AF /* Build configuration list for PBXProject "firebase-demo" */;
			compatibilityVersion = "Xcode 14.0";
			developmentRegion = en;
			hasScannedForEncodings = 0;
			knownRegions = (
				en,
				Base,
			);
			mainGroup = 0A3299AB297C4EFC0020D0AF;
			productRefGroup = 0A3299B5297C4EFC0020D0AF /* Products */;
			projectDirPath = "";
			projectRoot = "";
			targets = (
				0A3299B3297C4EFC0020D0AF /* firebase-demo */,
			);
		};
/* End PBXProject section */

/* Begin PBXResourcesBuildPhase section */
		0A3299B2297C4EFC0020D0AF /* Resources */ = {
			isa = PBXResourcesBuildPhase;
			buildActionMask = 2147483647;
			files = (
				0A3299C4297C4EFD0020D0AF /* LaunchScreen.storyboard in Resources */,
				0ABFB4CB297C4FB2000F7BCF /* GoogleService-Info.plist in Resources */,
				0A3299C1297C4EFD0020D0AF /* Assets.xcassets in Resources */,
				0A3299BF297C4EFC0020D0AF /* Main.storyboard in Resources */,
			);
			runOnlyForDeploymentPostprocessing = 0;
		};
/* End PBXResourcesBuildPhase section */

/* Begin PBXShellScriptBuildPhase section */
		27CBA7B8835A0E21628EFEA9 /* [CP] Embed Pods Frameworks */ = {
			isa = PBXShellScriptBuildPhase;
			buildActionMask = 2147483647;
			files = (
			);
			inputFileListPaths = (
				"${PODS_ROOT}/Target Support Files/Pods-firebase-demo/Pods-firebase-demo-frameworks-${CONFIGURATION}-input-files.xcfilelist",
			);
			name = "[CP] Embed Pods Frameworks";
			outputFileListPaths = (
				"${PODS_ROOT}/Target Support Files/Pods-firebase-demo/Pods-firebase-demo-frameworks-${CONFIGURATION}-output-files.xcfilelist",
			);
			runOnlyForDeploymentPostprocessing = 0;
			shellPath = /bin/sh;
			shellScript = "\"${PODS_ROOT}/Target Support Files/Pods-firebase-demo/Pods-firebase-demo-frameworks.sh\"\n";
			showEnvVarsInLog = 0;
		};
		F457C76BB47525774A781E15 /* [CP] Check Pods Manifest.lock */ = {
			isa = PBXShellScriptBuildPhase;
			buildActionMask = 2147483647;
			files = (
			);
			inputFileListPaths = (
			);
			inputPaths = (
				"${PODS_PODFILE_DIR_PATH}/Podfile.lock",
				"${PODS_ROOT}/Manifest.lock",
			);
			name = "[CP] Check Pods Manifest.lock";
			outputFileListPaths = (
			);
			outputPaths = (
				"$(DERIVED_FILE_DIR)/Pods-firebase-demo-checkManifestLockResult.txt",
			);
			runOnlyForDeploymentPostprocessing = 0;
			shellPath = /bin/sh;
			shellScript = "diff \"${PODS_PODFILE_DIR_PATH}/Podfile.lock\" \"${PODS_ROOT}/Manifest.lock\" > /dev/null\nif [ $? != 0 ] ; then\n    # print error to STDERR\n    echo \"error: The sandbox is not in sync with the Podfile.lock. Run 'pod install' or update your CocoaPods installation.\" >&2\n    exit 1\nfi\n# This output is used by Xcode 'outputs' to avoid re-running this script phase.\necho \"SUCCESS\" > \"${SCRIPT_OUTPUT_FILE_0}\"\n";
			showEnvVarsInLog = 0;
		};
/* End PBXShellScriptBuildPhase section */

/* Begin PBXSourcesBuildPhase section */
		0A3299B0297C4EFC0020D0AF /* Sources */ = {
			isa = PBXSourcesBuildPhase;
			buildActionMask = 2147483647;
			files = (
				0AB75C6C29856A5D00FE5BB3 /* UserDataStore.swift in Sources */,
				0A3299BC297C4EFC0020D0AF /* ViewController.swift in Sources */,
				0A3299B8297C4EFC0020D0AF /* AppDelegate.swift in Sources */,
				0A3299BA297C4EFC0020D0AF /* SceneDelegate.swift in Sources */,
			);
			runOnlyForDeploymentPostprocessing = 0;
		};
/* End PBXSourcesBuildPhase section */

/* Begin PBXVariantGroup section */
		0A3299BD297C4EFC0020D0AF /* Main.storyboard */ = {
			isa = PBXVariantGroup;
			children = (
				0A3299BE297C4EFC0020D0AF /* Base */,
			);
			name = Main.storyboard;
			sourceTree = "<group>";
		};
		0A3299C2297C4EFD0020D0AF /* LaunchScreen.storyboard */ = {
			isa = PBXVariantGroup;
			children = (
				0A3299C3297C4EFD0020D0AF /* Base */,
			);
			name = LaunchScreen.storyboard;
			sourceTree = "<group>";
		};
/* End PBXVariantGroup section */

/* Begin XCBuildConfiguration section */
		0A3299C6297C4EFD0020D0AF /* Debug */ = {
			isa = XCBuildConfiguration;
			buildSettings = {
				ALWAYS_SEARCH_USER_PATHS = NO;
				CLANG_ANALYZER_NONNULL = YES;
				CLANG_ANALYZER_NUMBER_OBJECT_CONVERSION = YES_AGGRESSIVE;
				CLANG_CXX_LANGUAGE_STANDARD = "gnu++20";
				CLANG_ENABLE_MODULES = YES;
				CLANG_ENABLE_OBJC_ARC = YES;
				CLANG_ENABLE_OBJC_WEAK = YES;
				CLANG_WARN_BLOCK_CAPTURE_AUTORELEASING = YES;
				CLANG_WARN_BOOL_CONVERSION = YES;
				CLANG_WARN_COMMA = YES;
				CLANG_WARN_CONSTANT_CONVERSION = YES;
				CLANG_WARN_DEPRECATED_OBJC_IMPLEMENTATIONS = YES;
				CLANG_WARN_DIRECT_OBJC_ISA_USAGE = YES_ERROR;
				CLANG_WARN_DOCUMENTATION_COMMENTS = YES;
				CLANG_WARN_EMPTY_BODY = YES;
				CLANG_WARN_ENUM_CONVERSION = YES;
				CLANG_WARN_INFINITE_RECURSION = YES;
				CLANG_WARN_INT_CONVERSION = YES;
				CLANG_WARN_NON_LITERAL_NULL_CONVERSION = YES;
				CLANG_WARN_OBJC_IMPLICIT_RETAIN_SELF = YES;
				CLANG_WARN_OBJC_LITERAL_CONVERSION = YES;
				CLANG_WARN_OBJC_ROOT_CLASS = YES_ERROR;
				CLANG_WARN_QUOTED_INCLUDE_IN_FRAMEWORK_HEADER = YES;
				CLANG_WARN_RANGE_LOOP_ANALYSIS = YES;
				CLANG_WARN_STRICT_PROTOTYPES = YES;
				CLANG_WARN_SUSPICIOUS_MOVE = YES;
				CLANG_WARN_UNGUARDED_AVAILABILITY = YES_AGGRESSIVE;
				CLANG_WARN_UNREACHABLE_CODE = YES;
				CLANG_WARN__DUPLICATE_METHOD_MATCH = YES;
				COPY_PHASE_STRIP = NO;
				DEBUG_INFORMATION_FORMAT = dwarf;
				ENABLE_STRICT_OBJC_MSGSEND = YES;
				ENABLE_TESTABILITY = YES;
				GCC_C_LANGUAGE_STANDARD = gnu11;
				GCC_DYNAMIC_NO_PIC = NO;
				GCC_NO_COMMON_BLOCKS = YES;
				GCC_OPTIMIZATION_LEVEL = 0;
				GCC_PREPROCESSOR_DEFINITIONS = (
					"DEBUG=1",
					"$(inherited)",
				);
				GCC_WARN_64_TO_32_BIT_CONVERSION = YES;
				GCC_WARN_ABOUT_RETURN_TYPE = YES_ERROR;
				GCC_WARN_UNDECLARED_SELECTOR = YES;
				GCC_WARN_UNINITIALIZED_AUTOS = YES_AGGRESSIVE;
				GCC_WARN_UNUSED_FUNCTION = YES;
				GCC_WARN_UNUSED_VARIABLE = YES;
				IPHONEOS_DEPLOYMENT_TARGET = 15.0;
				MTL_ENABLE_DEBUG_INFO = INCLUDE_SOURCE;
				MTL_FAST_MATH = YES;
				ONLY_ACTIVE_ARCH = YES;
				SDKROOT = iphoneos;
				SWIFT_ACTIVE_COMPILATION_CONDITIONS = DEBUG;
				SWIFT_OPTIMIZATION_LEVEL = "-Onone";
			};
			name = Debug;
		};
		0A3299C7297C4EFD0020D0AF /* Release */ = {
			isa = XCBuildConfiguration;
			buildSettings = {
				ALWAYS_SEARCH_USER_PATHS = NO;
				CLANG_ANALYZER_NONNULL = YES;
				CLANG_ANALYZER_NUMBER_OBJECT_CONVERSION = YES_AGGRESSIVE;
				CLANG_CXX_LANGUAGE_STANDARD = "gnu++20";
				CLANG_ENABLE_MODULES = YES;
				CLANG_ENABLE_OBJC_ARC = YES;
				CLANG_ENABLE_OBJC_WEAK = YES;
				CLANG_WARN_BLOCK_CAPTURE_AUTORELEASING = YES;
				CLANG_WARN_BOOL_CONVERSION = YES;
				CLANG_WARN_COMMA = YES;
				CLANG_WARN_CONSTANT_CONVERSION = YES;
				CLANG_WARN_DEPRECATED_OBJC_IMPLEMENTATIONS = YES;
				CLANG_WARN_DIRECT_OBJC_ISA_USAGE = YES_ERROR;
				CLANG_WARN_DOCUMENTATION_COMMENTS = YES;
				CLANG_WARN_EMPTY_BODY = YES;
				CLANG_WARN_ENUM_CONVERSION = YES;
				CLANG_WARN_INFINITE_RECURSION = YES;
				CLANG_WARN_INT_CONVERSION = YES;
				CLANG_WARN_NON_LITERAL_NULL_CONVERSION = YES;
				CLANG_WARN_OBJC_IMPLICIT_RETAIN_SELF = YES;
				CLANG_WARN_OBJC_LITERAL_CONVERSION = YES;
				CLANG_WARN_OBJC_ROOT_CLASS = YES_ERROR;
				CLANG_WARN_QUOTED_INCLUDE_IN_FRAMEWORK_HEADER = YES;
				CLANG_WARN_RANGE_LOOP_ANALYSIS = YES;
				CLANG_WARN_STRICT_PROTOTYPES = YES;
				CLANG_WARN_SUSPICIOUS_MOVE = YES;
				CLANG_WARN_UNGUARDED_AVAILABILITY = YES_AGGRESSIVE;
				CLANG_WARN_UNREACHABLE_CODE = YES;
				CLANG_WARN__DUPLICATE_METHOD_MATCH = YES;
				COPY_PHASE_STRIP = NO;
				DEBUG_INFORMATION_FORMAT = "dwarf-with-dsym";
				ENABLE_NS_ASSERTIONS = NO;
				ENABLE_STRICT_OBJC_MSGSEND = YES;
				GCC_C_LANGUAGE_STANDARD = gnu11;
				GCC_NO_COMMON_BLOCKS = YES;
				GCC_WARN_64_TO_32_BIT_CONVERSION = YES;
				GCC_WARN_ABOUT_RETURN_TYPE = YES_ERROR;
				GCC_WARN_UNDECLARED_SELECTOR = YES;
				GCC_WARN_UNINITIALIZED_AUTOS = YES_AGGRESSIVE;
				GCC_WARN_UNUSED_FUNCTION = YES;
				GCC_WARN_UNUSED_VARIABLE = YES;
				IPHONEOS_DEPLOYMENT_TARGET = 15.0;
				MTL_ENABLE_DEBUG_INFO = NO;
				MTL_FAST_MATH = YES;
				SDKROOT = iphoneos;
				SWIFT_COMPILATION_MODE = wholemodule;
				SWIFT_OPTIMIZATION_LEVEL = "-O";
				VALIDATE_PRODUCT = YES;
			};
			name = Release;
		};
		0A3299C9297C4EFD0020D0AF /* Debug */ = {
			isa = XCBuildConfiguration;
			baseConfigurationReference = 8A8E324C89CD61F68D70E8C2 /* Pods-firebase-demo.debug.xcconfig */;
			buildSettings = {
				ASSETCATALOG_COMPILER_APPICON_NAME = AppIcon;
				ASSETCATALOG_COMPILER_GLOBAL_ACCENT_COLOR_NAME = AccentColor;
				CODE_SIGN_ENTITLEMENTS = "firebase-demo/firebase-demo.entitlements";
				CODE_SIGN_STYLE = Automatic;
				CURRENT_PROJECT_VERSION = 1;
				DEVELOPMENT_TEAM = 3V8797S66Q;
				GENERATE_INFOPLIST_FILE = YES;
				INFOPLIST_FILE = "firebase-demo/Info.plist";
				INFOPLIST_KEY_UIApplicationSupportsIndirectInputEvents = YES;
				INFOPLIST_KEY_UILaunchStoryboardName = LaunchScreen;
				INFOPLIST_KEY_UIMainStoryboardFile = Main;
				INFOPLIST_KEY_UISupportedInterfaceOrientations = UIInterfaceOrientationPortrait;
				INFOPLIST_KEY_UISupportedInterfaceOrientations_iPad = "UIInterfaceOrientationLandscapeLeft UIInterfaceOrientationLandscapeRight UIInterfaceOrientationPortrait UIInterfaceOrientationPortraitUpsideDown";
				IPHONEOS_DEPLOYMENT_TARGET = 15.0;
				LD_RUNPATH_SEARCH_PATHS = (
					"$(inherited)",
					"@executable_path/Frameworks",
				);
				MARKETING_VERSION = 1.0;
				PRODUCT_BUNDLE_IDENTIFIER = "com.sugijotaro.firebase-demo";
				PRODUCT_NAME = "$(TARGET_NAME)";
				SWIFT_EMIT_LOC_STRINGS = YES;
				SWIFT_VERSION = 5.0;
				TARGETED_DEVICE_FAMILY = "1,2";
			};
			name = Debug;
		};
		0A3299CA297C4EFD0020D0AF /* Release */ = {
			isa = XCBuildConfiguration;
			baseConfigurationReference = A81D450E7C2FC733803FCF05 /* Pods-firebase-demo.release.xcconfig */;
			buildSettings = {
				ASSETCATALOG_COMPILER_APPICON_NAME = AppIcon;
				ASSETCATALOG_COMPILER_GLOBAL_ACCENT_COLOR_NAME = AccentColor;
				CODE_SIGN_ENTITLEMENTS = "firebase-demo/firebase-demo.entitlements";
				CODE_SIGN_STYLE = Automatic;
				CURRENT_PROJECT_VERSION = 1;
				DEVELOPMENT_TEAM = 3V8797S66Q;
				GENERATE_INFOPLIST_FILE = YES;
				INFOPLIST_FILE = "firebase-demo/Info.plist";
				INFOPLIST_KEY_UIApplicationSupportsIndirectInputEvents = YES;
				INFOPLIST_KEY_UILaunchStoryboardName = LaunchScreen;
				INFOPLIST_KEY_UIMainStoryboardFile = Main;
				INFOPLIST_KEY_UISupportedInterfaceOrientations = UIInterfaceOrientationPortrait;
				INFOPLIST_KEY_UISupportedInterfaceOrientations_iPad = "UIInterfaceOrientationLandscapeLeft UIInterfaceOrientationLandscapeRight UIInterfaceOrientationPortrait UIInterfaceOrientationPortraitUpsideDown";
				IPHONEOS_DEPLOYMENT_TARGET = 15.0;
				LD_RUNPATH_SEARCH_PATHS = (
					"$(inherited)",
					"@executable_path/Frameworks",
				);
				MARKETING_VERSION = 1.0;
				PRODUCT_BUNDLE_IDENTIFIER = "com.sugijotaro.firebase-demo";
				PRODUCT_NAME = "$(TARGET_NAME)";
				SWIFT_EMIT_LOC_STRINGS = YES;
				SWIFT_VERSION = 5.0;
				TARGETED_DEVICE_FAMILY = "1,2";
			};
			name = Release;
		};
/* End XCBuildConfiguration section */

/* Begin XCConfigurationList section */
		0A3299AF297C4EFC0020D0AF /* Build configuration list for PBXProject "firebase-demo" */ = {
			isa = XCConfigurationList;
			buildConfigurations = (
				0A3299C6297C4EFD0020D0AF /* Debug */,
				0A3299C7297C4EFD0020D0AF /* Release */,
			);
			defaultConfigurationIsVisible = 0;
			defaultConfigurationName = Release;
		};
		0A3299C8297C4EFD0020D0AF /* Build configuration list for PBXNativeTarget "firebase-demo" */ = {
			isa = XCConfigurationList;
			buildConfigurations = (
				0A3299C9297C4EFD0020D0AF /* Debug */,
				0A3299CA297C4EFD0020D0AF /* Release */,
			);
			defaultConfigurationIsVisible = 0;
			defaultConfigurationName = Release;
		};
/* End XCConfigurationList section */
	};
	rootObject = 0A3299AC297C4EFC0020D0AF /* Project object */;
}
